
Microsoft Visual Studio Solution File, Format Version 12.00
# Visual Studio Version 17
VisualStudioVersion = 17.9.34607.119
MinimumVisualStudioVersion = 10.0.40219.1
Project("{FAE04EC0-301F-11D3-BF4B-00C04F79EFBC}") = "TinyWechatMoments", "TinyWechatMoments\TinyWechatMoments.csproj", "{3CFD632B-6DC9-4646-8920-2DBD738AE803}"
EndProject
Global
	GlobalSection(SolutionConfigurationPlatforms) = preSolution
		Debug|Any CPU = Debug|Any CPU
		Release|Any CPU = Release|Any CPU
	EndGlobalSection
	GlobalSection(ProjectConfigurationPlatforms) = postSolution
		{3CFD632B-6DC9-4646-8920-2DBD738AE803}.Debug|Any CPU.ActiveCfg = Debug|Any CPU
		{3CFD632B-6DC9-4646-8920-2DBD738AE803}.Debug|Any CPU.Build.0 = Debug|Any CPU
		{3CFD632B-6DC9-4646-8920-2DBD738AE803}.Release|Any CPU.ActiveCfg = Release|Any CPU
		{3CFD632B-6DC9-4646-8920-2DBD738AE803}.Release|Any CPU.Build.0 = Release|Any CPU
	EndGlobalSection
	GlobalSection(SolutionProperties) = preSolution
		HideSolutionNode = FALSE
	EndGlobalSection
	GlobalSection(ExtensibilityGlobals) = postSolution
		SolutionGuid = {8E86D3AA-9777-4A6F-984F-3886413B3104}
	EndGlobalSection
EndGlobal
